%{
  "algae_goo": {:git, "https://github.com/doma-engineering/algae-goo.git", "41232a9fc93b2fd06e6437bb711880611e8eee45", [branch: "main"]},
  "bunt": {:hex, :bunt, "0.2.1", "e2d4792f7bc0ced7583ab54922808919518d0e57ee162901a16a1b6664ef3b14", [:mix], [], "hexpm", "a330bfb4245239787b15005e66ae6845c9cd524a288f0d141c148b02603777a5"},
  "credo": {:hex, :credo, "1.7.0", "6119bee47272e85995598ee04f2ebbed3e947678dee048d10b5feca139435f75", [:mix], [{:bunt, "~> 0.2.1", [hex: :bunt, repo: "hexpm", optional: false]}, {:file_system, "~> 0.2.8", [hex: :file_system, repo: "hexpm", optional: false]}, {:jason, "~> 1.0", [hex: :jason, repo: "hexpm", optional: false]}], "hexpm", "6839fcf63d1f0d1c0f450abc8564a57c43d644077ab96f2934563e68b8a769d7"},
  "dialyxir": {:hex, :dialyxir, "1.1.0", "c5aab0d6e71e5522e77beff7ba9e08f8e02bad90dfbeffae60eaf0cb47e29488", [:mix], [{:erlex, ">= 0.2.6", [hex: :erlex, repo: "hexpm", optional: false]}], "hexpm", "07ea8e49c45f15264ebe6d5b93799d4dd56a44036cf42d0ad9c960bc266c0b9a"},
  "doma_algae": {:hex, :doma_algae, "1.3.1-doma", "04c60709daecffa1dc333737b6487c291d4e002daf779dc0a506424aa1b1f6c5", [:mix], [{:doma_quark, "2.3.2-doma2", [hex: :doma_quark, repo: "hexpm", optional: false]}, {:doma_witchcraft, "~> 1.0.4-doma", [hex: :doma_witchcraft, repo: "hexpm", optional: false]}, {:type_class, "~> 1.2", [hex: :type_class, repo: "hexpm", optional: false]}], "hexpm", "18d2be2b88d87ecbe5eefb9860ac53db52b1dbaf10e18b5ab830a2d6c6821975"},
  "doma_quark": {:hex, :doma_quark, "2.3.2-doma2", "44f91ead87c8de533b27482ab01bf1c637d341e7ad9ec7e5a056d298f424edf8", [:mix], [], "hexpm", "1099068e1049d7c2eb74164efc03f366ffb6ef44341543174e8754cbe31834b5"},
  "doma_witchcraft": {:hex, :doma_witchcraft, "1.0.4-doma", "a48577bc3f88f75be88dc94d64e82d2e7a3e962cac1020de300e169e3ef67333", [:mix], [{:doma_quark, "~> 2.3.2-doma2", [hex: :doma_quark, repo: "hexpm", optional: false]}, {:exceptional, "~> 2.1", [hex: :exceptional, repo: "hexpm", optional: false]}, {:operator, "~> 0.2", [hex: :operator, repo: "hexpm", optional: false]}, {:type_class, "~> 1.2", [hex: :type_class, repo: "hexpm", optional: false]}], "hexpm", "a03db992e88b00878ac4580482ba3e1d8ff946a19a51085cceea591640f62507"},
  "erlex": {:hex, :erlex, "0.2.6", "c7987d15e899c7a2f34f5420d2a2ea0d659682c06ac607572df55a43753aa12e", [:mix], [], "hexpm", "2ed2e25711feb44d52b17d2780eabf998452f6efda104877a3881c2f8c0c0c75"},
  "exceptional": {:hex, :exceptional, "2.1.3", "cb17cb9b7c4882e763b82db08ba317678157ca95970fae96b31b3c90f5960c3d", [:mix], [], "hexpm", "59d67ae2df6784e7a957087742ae9011f220c3d1523706c5cd7ee0741bca5897"},
  "file_system": {:hex, :file_system, "0.2.10", "fb082005a9cd1711c05b5248710f8826b02d7d1784e7c3451f9c1231d4fc162d", [:mix], [], "hexpm", "41195edbfb562a593726eda3b3e8b103a309b733ad25f3d642ba49696bf715dc"},
  "jason": {:hex, :jason, "1.4.1", "af1504e35f629ddcdd6addb3513c3853991f694921b1b9368b0bd32beb9f1b63", [:mix], [{:decimal, "~> 1.0 or ~> 2.0", [hex: :decimal, repo: "hexpm", optional: true]}], "hexpm", "fbb01ecdfd565b56261302f7e1fcc27c4fb8f32d56eab74db621fc154604a7a1"},
  "operator": {:hex, :operator, "0.2.1", "4572312bbd3e63a5c237bf15c3a7670d568e3651ea744289130780006e70e5f5", [:mix], [], "hexpm", "1990cc6dc651d7fff04636eef06fc64e6bc1da83a1da890c08ca3432e17e267a"},
  "quark_goo": {:git, "https://github.com/doma-engineering/quark-goo.git", "1463c313e3b644a26fcd8a12fbf62aa1ad320fee", [branch: "main"]},
  "type_class": {:hex, :type_class, "1.2.8", "349db84be8c664e119efaae1a09a44b113bc8e81af1d032f4e3e38feef4fac32", [:mix], [{:exceptional, "~> 2.1", [hex: :exceptional, repo: "hexpm", optional: false]}], "hexpm", "bb93de2cacfd6f0ee43f4616f7a139816a73deba4ae8ee3364bcfa4abe3eef3e"},
  "type_class_goo": {:git, "https://github.com/doma-engineering/type_class-goo.git", "7f47c8915204537628237f469fe9a16a77c5517b", [branch: "main"]},
  "uptight": {:git, "https://github.com/doma-engineering/uptight.git", "42f7f7ac29f69572faa2f4e35ae7783c9104f834", [branch: "main"]},
  "witchcraft_goo": {:git, "https://github.com/doma-engineering/witchcraft-goo.git", "e86072d9d87e5f677239a1ef369b2c8c801ed2f5", [branch: "main"]},
}
